
Microsoft Visual Studio Solution File, Format Version 12.00
# Visual Studio Version 17
VisualStudioVersion = 17.4.33103.184
MinimumVisualStudioVersion = 10.0.40219.1
Project("{9A19103F-16F7-4668-BE54-9A1E7A4F7556}") = "BME", "BME\BME.csproj", "{418C21AF-13EB-42DC-B9CC-8F10E6BAD5BE}"
EndProject
Project("{9A19103F-16F7-4668-BE54-9A1E7A4F7556}") = "TicTacToe", "TicTacToe\TicTacToe.csproj", "{89AF9289-8274-4632-8D42-75173779651A}"
EndProject
Project("{FAE04EC0-301F-11D3-BF4B-00C04F79EFBC}") = "GUI_Demo", "GUI_Demo\GUI_Demo.csproj", "{2CC925DB-D0F8-4910-A3A0-25F6AB7830AC}"
EndProject
Global
	GlobalSection(SolutionConfigurationPlatforms) = preSolution
		Debug|Any CPU = Debug|Any CPU
		Release|Any CPU = Release|Any CPU
	EndGlobalSection
	GlobalSection(ProjectConfigurationPlatforms) = postSolution
		{418C21AF-13EB-42DC-B9CC-8F10E6BAD5BE}.Debug|Any CPU.ActiveCfg = Debug|Any CPU
		{418C21AF-13EB-42DC-B9CC-8F10E6BAD5BE}.Debug|Any CPU.Build.0 = Debug|Any CPU
		{418C21AF-13EB-42DC-B9CC-8F10E6BAD5BE}.Release|Any CPU.ActiveCfg = Release|Any CPU
		{418C21AF-13EB-42DC-B9CC-8F10E6BAD5BE}.Release|Any CPU.Build.0 = Release|Any CPU
		{89AF9289-8274-4632-8D42-75173779651A}.Debug|Any CPU.ActiveCfg = Debug|Any CPU
		{89AF9289-8274-4632-8D42-75173779651A}.Debug|Any CPU.Build.0 = Debug|Any CPU
		{89AF9289-8274-4632-8D42-75173779651A}.Release|Any CPU.ActiveCfg = Release|Any CPU
		{89AF9289-8274-4632-8D42-75173779651A}.Release|Any CPU.Build.0 = Release|Any CPU
		{2CC925DB-D0F8-4910-A3A0-25F6AB7830AC}.Debug|Any CPU.ActiveCfg = Debug|Any CPU
		{2CC925DB-D0F8-4910-A3A0-25F6AB7830AC}.Debug|Any CPU.Build.0 = Debug|Any CPU
		{2CC925DB-D0F8-4910-A3A0-25F6AB7830AC}.Release|Any CPU.ActiveCfg = Release|Any CPU
		{2CC925DB-D0F8-4910-A3A0-25F6AB7830AC}.Release|Any CPU.Build.0 = Release|Any CPU
	EndGlobalSection
	GlobalSection(SolutionProperties) = preSolution
		HideSolutionNode = FALSE
	EndGlobalSection
	GlobalSection(ExtensibilityGlobals) = postSolution
		SolutionGuid = {B344046B-E93A-4430-9434-C9E8BB651C8D}
	EndGlobalSection
EndGlobal
