
Microsoft Visual Studio Solution File, Format Version 12.00
# Visual Studio Version 17
VisualStudioVersion = 17.4.33103.184
MinimumVisualStudioVersion = 10.0.40219.1
Project("{9A19103F-16F7-4668-BE54-9A1E7A4F7556}") = "BME", "BME\BME.csproj", "{418C21AF-13EB-42DC-B9CC-8F10E6BAD5BE}"
EndProject
Project("{9A19103F-16F7-4668-BE54-9A1E7A4F7556}") = "TicTacToe", "TicTacToe\TicTacToe.csproj", "{89AF9289-8274-4632-8D42-75173779651A}"
EndProject
Project("{9A19103F-16F7-4668-BE54-9A1E7A4F7556}") = "Level_Demo", "Level_Demo\Level_Demo.csproj", "{F21ABA1E-00C8-444A-95DD-D3656C784361}"
EndProject
Global
	GlobalSection(SolutionConfigurationPlatforms) = preSolution
		Debug|Any CPU = Debug|Any CPU
		Release|Any CPU = Release|Any CPU
	EndGlobalSection
	GlobalSection(ProjectConfigurationPlatforms) = postSolution
		{418C21AF-13EB-42DC-B9CC-8F10E6BAD5BE}.Debug|Any CPU.ActiveCfg = Debug|Any CPU
		{418C21AF-13EB-42DC-B9CC-8F10E6BAD5BE}.Debug|Any CPU.Build.0 = Debug|Any CPU
		{418C21AF-13EB-42DC-B9CC-8F10E6BAD5BE}.Release|Any CPU.ActiveCfg = Release|Any CPU
		{418C21AF-13EB-42DC-B9CC-8F10E6BAD5BE}.Release|Any CPU.Build.0 = Release|Any CPU
		{89AF9289-8274-4632-8D42-75173779651A}.Debug|Any CPU.ActiveCfg = Debug|Any CPU
		{89AF9289-8274-4632-8D42-75173779651A}.Debug|Any CPU.Build.0 = Debug|Any CPU
		{89AF9289-8274-4632-8D42-75173779651A}.Release|Any CPU.ActiveCfg = Release|Any CPU
		{89AF9289-8274-4632-8D42-75173779651A}.Release|Any CPU.Build.0 = Release|Any CPU
		{F21ABA1E-00C8-444A-95DD-D3656C784361}.Debug|Any CPU.ActiveCfg = Debug|Any CPU
		{F21ABA1E-00C8-444A-95DD-D3656C784361}.Debug|Any CPU.Build.0 = Debug|Any CPU
		{F21ABA1E-00C8-444A-95DD-D3656C784361}.Release|Any CPU.ActiveCfg = Release|Any CPU
		{F21ABA1E-00C8-444A-95DD-D3656C784361}.Release|Any CPU.Build.0 = Release|Any CPU
	EndGlobalSection
	GlobalSection(SolutionProperties) = preSolution
		HideSolutionNode = FALSE
	EndGlobalSection
	GlobalSection(ExtensibilityGlobals) = postSolution
		SolutionGuid = {B344046B-E93A-4430-9434-C9E8BB651C8D}
	EndGlobalSection
EndGlobal
